
Microsoft Visual Studio Solution File, Format Version 12.00
# Visual Studio 14
VisualStudioVersion = 14.0.25420.1
MinimumVisualStudioVersion = 10.0.40219.1
Project("{FAE04EC0-301F-11D3-BF4B-00C04F79EFBC}") = "Core", "Core\Core.csproj", "{05FD2D0B-808B-45C9-8A0A-DA9D1F35DE75}"
EndProject
Project("{2150E333-8FDC-42A3-9474-1A3956D46DE8}") = "Implementations", "Implementations", "{1BBAE6C7-4A42-4001-9A9D-15F36B6BF33C}"
EndProject
Project("{FAE04EC0-301F-11D3-BF4B-00C04F79EFBC}") = "Desktop", "Implementations\Desktop\Desktop.csproj", "{2435BB2E-AC48-46C7-9D25-37D7D3D05322}"
	ProjectSection(ProjectDependencies) = postProject
		{05FD2D0B-808B-45C9-8A0A-DA9D1F35DE75} = {05FD2D0B-808B-45C9-8A0A-DA9D1F35DE75}
	EndProjectSection
EndProject
Project("{FAE04EC0-301F-11D3-BF4B-00C04F79EFBC}") = "Android", "Implementations\Android\Android.csproj", "{E572F231-84FA-4841-B535-403D068FAD92}"
	ProjectSection(ProjectDependencies) = postProject
		{05FD2D0B-808B-45C9-8A0A-DA9D1F35DE75} = {05FD2D0B-808B-45C9-8A0A-DA9D1F35DE75}
	EndProjectSection
EndProject
Project("{FAE04EC0-301F-11D3-BF4B-00C04F79EFBC}") = "WindowsUniversal", "Implementations\WindowsUniversal\WindowsUniversal.csproj", "{68EA530A-4F2B-459A-97E7-9C74E49107F9}"
	ProjectSection(ProjectDependencies) = postProject
		{05FD2D0B-808B-45C9-8A0A-DA9D1F35DE75} = {05FD2D0B-808B-45C9-8A0A-DA9D1F35DE75}
	EndProjectSection
EndProject
Project("{FAE04EC0-301F-11D3-BF4B-00C04F79EFBC}") = "Xamarin", "Implementations\Xamarin\Xamarin.csproj", "{18AB9CA3-2B94-4C89-83C4-74450C94010D}"
	ProjectSection(ProjectDependencies) = postProject
		{05FD2D0B-808B-45C9-8A0A-DA9D1F35DE75} = {05FD2D0B-808B-45C9-8A0A-DA9D1F35DE75}
	EndProjectSection
EndProject
Project("{2150E333-8FDC-42A3-9474-1A3956D46DE8}") = "Testing", "Testing", "{16C8E5C5-0DBB-4C8C-AD17-ADDAFB69E371}"
EndProject
Global
	GlobalSection(SolutionConfigurationPlatforms) = preSolution
		Debug|Any CPU = Debug|Any CPU
		Debug|ARM = Debug|ARM
		Debug|x64 = Debug|x64
		Debug|x86 = Debug|x86
		Release|Any CPU = Release|Any CPU
		Release|ARM = Release|ARM
		Release|x64 = Release|x64
		Release|x86 = Release|x86
	EndGlobalSection
	GlobalSection(ProjectConfigurationPlatforms) = postSolution
		{05FD2D0B-808B-45C9-8A0A-DA9D1F35DE75}.Debug|Any CPU.ActiveCfg = Debug|Any CPU
		{05FD2D0B-808B-45C9-8A0A-DA9D1F35DE75}.Debug|Any CPU.Build.0 = Debug|Any CPU
		{05FD2D0B-808B-45C9-8A0A-DA9D1F35DE75}.Debug|ARM.ActiveCfg = Debug|Any CPU
		{05FD2D0B-808B-45C9-8A0A-DA9D1F35DE75}.Debug|ARM.Build.0 = Debug|Any CPU
		{05FD2D0B-808B-45C9-8A0A-DA9D1F35DE75}.Debug|x64.ActiveCfg = Debug|Any CPU
		{05FD2D0B-808B-45C9-8A0A-DA9D1F35DE75}.Debug|x64.Build.0 = Debug|Any CPU
		{05FD2D0B-808B-45C9-8A0A-DA9D1F35DE75}.Debug|x86.ActiveCfg = Debug|Any CPU
		{05FD2D0B-808B-45C9-8A0A-DA9D1F35DE75}.Debug|x86.Build.0 = Debug|Any CPU
		{05FD2D0B-808B-45C9-8A0A-DA9D1F35DE75}.Release|Any CPU.ActiveCfg = Release|Any CPU
		{05FD2D0B-808B-45C9-8A0A-DA9D1F35DE75}.Release|Any CPU.Build.0 = Release|Any CPU
		{05FD2D0B-808B-45C9-8A0A-DA9D1F35DE75}.Release|ARM.ActiveCfg = Release|Any CPU
		{05FD2D0B-808B-45C9-8A0A-DA9D1F35DE75}.Release|ARM.Build.0 = Release|Any CPU
		{05FD2D0B-808B-45C9-8A0A-DA9D1F35DE75}.Release|x64.ActiveCfg = Release|Any CPU
		{05FD2D0B-808B-45C9-8A0A-DA9D1F35DE75}.Release|x64.Build.0 = Release|Any CPU
		{05FD2D0B-808B-45C9-8A0A-DA9D1F35DE75}.Release|x86.ActiveCfg = Release|Any CPU
		{05FD2D0B-808B-45C9-8A0A-DA9D1F35DE75}.Release|x86.Build.0 = Release|Any CPU
		{2435BB2E-AC48-46C7-9D25-37D7D3D05322}.Debug|Any CPU.ActiveCfg = Debug|Any CPU
		{2435BB2E-AC48-46C7-9D25-37D7D3D05322}.Debug|Any CPU.Build.0 = Debug|Any CPU
		{2435BB2E-AC48-46C7-9D25-37D7D3D05322}.Debug|ARM.ActiveCfg = Debug|Any CPU
		{2435BB2E-AC48-46C7-9D25-37D7D3D05322}.Debug|ARM.Build.0 = Debug|Any CPU
		{2435BB2E-AC48-46C7-9D25-37D7D3D05322}.Debug|x64.ActiveCfg = Debug|Any CPU
		{2435BB2E-AC48-46C7-9D25-37D7D3D05322}.Debug|x64.Build.0 = Debug|Any CPU
		{2435BB2E-AC48-46C7-9D25-37D7D3D05322}.Debug|x86.ActiveCfg = Debug|Any CPU
		{2435BB2E-AC48-46C7-9D25-37D7D3D05322}.Debug|x86.Build.0 = Debug|Any CPU
		{2435BB2E-AC48-46C7-9D25-37D7D3D05322}.Release|Any CPU.ActiveCfg = Release|Any CPU
		{2435BB2E-AC48-46C7-9D25-37D7D3D05322}.Release|Any CPU.Build.0 = Release|Any CPU
		{2435BB2E-AC48-46C7-9D25-37D7D3D05322}.Release|ARM.ActiveCfg = Release|Any CPU
		{2435BB2E-AC48-46C7-9D25-37D7D3D05322}.Release|ARM.Build.0 = Release|Any CPU
		{2435BB2E-AC48-46C7-9D25-37D7D3D05322}.Release|x64.ActiveCfg = Release|Any CPU
		{2435BB2E-AC48-46C7-9D25-37D7D3D05322}.Release|x64.Build.0 = Release|Any CPU
		{2435BB2E-AC48-46C7-9D25-37D7D3D05322}.Release|x86.ActiveCfg = Release|Any CPU
		{2435BB2E-AC48-46C7-9D25-37D7D3D05322}.Release|x86.Build.0 = Release|Any CPU
		{E572F231-84FA-4841-B535-403D068FAD92}.Debug|Any CPU.ActiveCfg = Debug|Any CPU
		{E572F231-84FA-4841-B535-403D068FAD92}.Debug|Any CPU.Build.0 = Debug|Any CPU
		{E572F231-84FA-4841-B535-403D068FAD92}.Debug|ARM.ActiveCfg = Debug|Any CPU
		{E572F231-84FA-4841-B535-403D068FAD92}.Debug|ARM.Build.0 = Debug|Any CPU
		{E572F231-84FA-4841-B535-403D068FAD92}.Debug|x64.ActiveCfg = Debug|Any CPU
		{E572F231-84FA-4841-B535-403D068FAD92}.Debug|x64.Build.0 = Debug|Any CPU
		{E572F231-84FA-4841-B535-403D068FAD92}.Debug|x86.ActiveCfg = Debug|Any CPU
		{E572F231-84FA-4841-B535-403D068FAD92}.Debug|x86.Build.0 = Debug|Any CPU
		{E572F231-84FA-4841-B535-403D068FAD92}.Release|Any CPU.ActiveCfg = Release|Any CPU
		{E572F231-84FA-4841-B535-403D068FAD92}.Release|Any CPU.Build.0 = Release|Any CPU
		{E572F231-84FA-4841-B535-403D068FAD92}.Release|ARM.ActiveCfg = Release|Any CPU
		{E572F231-84FA-4841-B535-403D068FAD92}.Release|ARM.Build.0 = Release|Any CPU
		{E572F231-84FA-4841-B535-403D068FAD92}.Release|x64.ActiveCfg = Release|Any CPU
		{E572F231-84FA-4841-B535-403D068FAD92}.Release|x64.Build.0 = Release|Any CPU
		{E572F231-84FA-4841-B535-403D068FAD92}.Release|x86.ActiveCfg = Release|Any CPU
		{E572F231-84FA-4841-B535-403D068FAD92}.Release|x86.Build.0 = Release|Any CPU
		{68EA530A-4F2B-459A-97E7-9C74E49107F9}.Debug|Any CPU.ActiveCfg = Debug|Any CPU
		{68EA530A-4F2B-459A-97E7-9C74E49107F9}.Debug|Any CPU.Build.0 = Debug|Any CPU
		{68EA530A-4F2B-459A-97E7-9C74E49107F9}.Debug|ARM.ActiveCfg = Debug|ARM
		{68EA530A-4F2B-459A-97E7-9C74E49107F9}.Debug|ARM.Build.0 = Debug|ARM
		{68EA530A-4F2B-459A-97E7-9C74E49107F9}.Debug|x64.ActiveCfg = Debug|x64
		{68EA530A-4F2B-459A-97E7-9C74E49107F9}.Debug|x64.Build.0 = Debug|x64
		{68EA530A-4F2B-459A-97E7-9C74E49107F9}.Debug|x86.ActiveCfg = Debug|x86
		{68EA530A-4F2B-459A-97E7-9C74E49107F9}.Debug|x86.Build.0 = Debug|x86
		{68EA530A-4F2B-459A-97E7-9C74E49107F9}.Release|Any CPU.ActiveCfg = Release|Any CPU
		{68EA530A-4F2B-459A-97E7-9C74E49107F9}.Release|Any CPU.Build.0 = Release|Any CPU
		{68EA530A-4F2B-459A-97E7-9C74E49107F9}.Release|ARM.ActiveCfg = Release|ARM
		{68EA530A-4F2B-459A-97E7-9C74E49107F9}.Release|ARM.Build.0 = Release|ARM
		{68EA530A-4F2B-459A-97E7-9C74E49107F9}.Release|x64.ActiveCfg = Release|x64
		{68EA530A-4F2B-459A-97E7-9C74E49107F9}.Release|x64.Build.0 = Release|x64
		{68EA530A-4F2B-459A-97E7-9C74E49107F9}.Release|x86.ActiveCfg = Release|x86
		{68EA530A-4F2B-459A-97E7-9C74E49107F9}.Release|x86.Build.0 = Release|x86
		{18AB9CA3-2B94-4C89-83C4-74450C94010D}.Debug|Any CPU.ActiveCfg = Debug|Any CPU
		{18AB9CA3-2B94-4C89-83C4-74450C94010D}.Debug|Any CPU.Build.0 = Debug|Any CPU
		{18AB9CA3-2B94-4C89-83C4-74450C94010D}.Debug|ARM.ActiveCfg = Debug|Any CPU
		{18AB9CA3-2B94-4C89-83C4-74450C94010D}.Debug|ARM.Build.0 = Debug|Any CPU
		{18AB9CA3-2B94-4C89-83C4-74450C94010D}.Debug|x64.ActiveCfg = Debug|Any CPU
		{18AB9CA3-2B94-4C89-83C4-74450C94010D}.Debug|x64.Build.0 = Debug|Any CPU
		{18AB9CA3-2B94-4C89-83C4-74450C94010D}.Debug|x86.ActiveCfg = Debug|Any CPU
		{18AB9CA3-2B94-4C89-83C4-74450C94010D}.Debug|x86.Build.0 = Debug|Any CPU
		{18AB9CA3-2B94-4C89-83C4-74450C94010D}.Release|Any CPU.ActiveCfg = Release|Any CPU
		{18AB9CA3-2B94-4C89-83C4-74450C94010D}.Release|Any CPU.Build.0 = Release|Any CPU
		{18AB9CA3-2B94-4C89-83C4-74450C94010D}.Release|ARM.ActiveCfg = Release|Any CPU
		{18AB9CA3-2B94-4C89-83C4-74450C94010D}.Release|ARM.Build.0 = Release|Any CPU
		{18AB9CA3-2B94-4C89-83C4-74450C94010D}.Release|x64.ActiveCfg = Release|Any CPU
		{18AB9CA3-2B94-4C89-83C4-74450C94010D}.Release|x64.Build.0 = Release|Any CPU
		{18AB9CA3-2B94-4C89-83C4-74450C94010D}.Release|x86.ActiveCfg = Release|Any CPU
		{18AB9CA3-2B94-4C89-83C4-74450C94010D}.Release|x86.Build.0 = Release|Any CPU
	EndGlobalSection
	GlobalSection(SolutionProperties) = preSolution
		HideSolutionNode = FALSE
	EndGlobalSection
	GlobalSection(NestedProjects) = preSolution
		{2435BB2E-AC48-46C7-9D25-37D7D3D05322} = {1BBAE6C7-4A42-4001-9A9D-15F36B6BF33C}
		{E572F231-84FA-4841-B535-403D068FAD92} = {1BBAE6C7-4A42-4001-9A9D-15F36B6BF33C}
		{68EA530A-4F2B-459A-97E7-9C74E49107F9} = {1BBAE6C7-4A42-4001-9A9D-15F36B6BF33C}
		{18AB9CA3-2B94-4C89-83C4-74450C94010D} = {1BBAE6C7-4A42-4001-9A9D-15F36B6BF33C}
	EndGlobalSection
EndGlobal
